
Microsoft Visual Studio Solution File, Format Version 12.00
# Visual Studio Version 16
VisualStudioVersion = 16.0.30128.74
MinimumVisualStudioVersion = 10.0.40219.1
Project("{FAE04EC0-301F-11D3-BF4B-00C04F79EFBC}") = "BaigiamasisDarbas", "BaigiamasisDarbas\BaigiamasisDarbas.csproj", "{BC152EF3-CE35-4CC0-8D12-955B67BA4371}"
EndProject
Global
	GlobalSection(SolutionConfigurationPlatforms) = preSolution
		Debug|Any CPU = Debug|Any CPU
		Release|Any CPU = Release|Any CPU
	EndGlobalSection
	GlobalSection(ProjectConfigurationPlatforms) = postSolution
		{BC152EF3-CE35-4CC0-8D12-955B67BA4371}.Debug|Any CPU.ActiveCfg = Debug|Any CPU
		{BC152EF3-CE35-4CC0-8D12-955B67BA4371}.Debug|Any CPU.Build.0 = Debug|Any CPU
		{BC152EF3-CE35-4CC0-8D12-955B67BA4371}.Release|Any CPU.ActiveCfg = Release|Any CPU
		{BC152EF3-CE35-4CC0-8D12-955B67BA4371}.Release|Any CPU.Build.0 = Release|Any CPU
	EndGlobalSection
	GlobalSection(SolutionProperties) = preSolution
		HideSolutionNode = FALSE
	EndGlobalSection
	GlobalSection(ExtensibilityGlobals) = postSolution
		SolutionGuid = {04D071CA-F546-4EA4-B4E3-C25BC8E0717A}
	EndGlobalSection
EndGlobal
